
Microsoft Visual Studio Solution File, Format Version 12.00
# Visual Studio Version 17
VisualStudioVersion = 17.13.35931.197 d17.13
MinimumVisualStudioVersion = 10.0.40219.1
Project("{FAE04EC0-301F-11D3-BF4B-00C04F79EFBC}") = "Exercise_c#", "Exercise_c#\Exercise_c#.csproj", "{BF867326-9C20-4D39-9731-C46E337F1A7D}"
EndProject
Global
	GlobalSection(SolutionConfigurationPlatforms) = preSolution
		Debug|Any CPU = Debug|Any CPU
		Release|Any CPU = Release|Any CPU
	EndGlobalSection
	GlobalSection(ProjectConfigurationPlatforms) = postSolution
		{BF867326-9C20-4D39-9731-C46E337F1A7D}.Debug|Any CPU.ActiveCfg = Debug|Any CPU
		{BF867326-9C20-4D39-9731-C46E337F1A7D}.Debug|Any CPU.Build.0 = Debug|Any CPU
		{BF867326-9C20-4D39-9731-C46E337F1A7D}.Release|Any CPU.ActiveCfg = Release|Any CPU
		{BF867326-9C20-4D39-9731-C46E337F1A7D}.Release|Any CPU.Build.0 = Release|Any CPU
	EndGlobalSection
	GlobalSection(SolutionProperties) = preSolution
		HideSolutionNode = FALSE
	EndGlobalSection
	GlobalSection(ExtensibilityGlobals) = postSolution
		SolutionGuid = {EBF5B551-14E3-4951-A4A8-1190995F69D7}
	EndGlobalSection
EndGlobal
