
Microsoft Visual Studio Solution File, Format Version 12.00
# Visual Studio Version 17
VisualStudioVersion = 17.13.35931.197 d17.13
MinimumVisualStudioVersion = 10.0.40219.1
Project("{FAE04EC0-301F-11D3-BF4B-00C04F79EFBC}") = "RestfulApi_PostgreSql", "RestfulApi_PostgreSql\RestfulApi_PostgreSql.csproj", "{E66BE6F8-D414-41B0-9125-E638E08F5605}"
EndProject
Global
	GlobalSection(SolutionConfigurationPlatforms) = preSolution
		Debug|Any CPU = Debug|Any CPU
		Release|Any CPU = Release|Any CPU
	EndGlobalSection
	GlobalSection(ProjectConfigurationPlatforms) = postSolution
		{E66BE6F8-D414-41B0-9125-E638E08F5605}.Debug|Any CPU.ActiveCfg = Debug|Any CPU
		{E66BE6F8-D414-41B0-9125-E638E08F5605}.Debug|Any CPU.Build.0 = Debug|Any CPU
		{E66BE6F8-D414-41B0-9125-E638E08F5605}.Release|Any CPU.ActiveCfg = Release|Any CPU
		{E66BE6F8-D414-41B0-9125-E638E08F5605}.Release|Any CPU.Build.0 = Release|Any CPU
	EndGlobalSection
	GlobalSection(SolutionProperties) = preSolution
		HideSolutionNode = FALSE
	EndGlobalSection
	GlobalSection(ExtensibilityGlobals) = postSolution
		SolutionGuid = {E61F85C0-F979-4599-A242-7ADD8E4935B8}
	EndGlobalSection
EndGlobal
