
Microsoft Visual Studio Solution File, Format Version 12.00
# Visual Studio Version 17
VisualStudioVersion = 17.13.35931.197 d17.13
MinimumVisualStudioVersion = 10.0.40219.1
Project("{FAE04EC0-301F-11D3-BF4B-00C04F79EFBC}") = "exersices", "exersices\exersices.csproj", "{CC674D06-6D02-45D6-A2C2-973315736938}"
EndProject
Global
	GlobalSection(SolutionConfigurationPlatforms) = preSolution
		Debug|Any CPU = Debug|Any CPU
		Release|Any CPU = Release|Any CPU
	EndGlobalSection
	GlobalSection(ProjectConfigurationPlatforms) = postSolution
		{CC674D06-6D02-45D6-A2C2-973315736938}.Debug|Any CPU.ActiveCfg = Debug|Any CPU
		{CC674D06-6D02-45D6-A2C2-973315736938}.Debug|Any CPU.Build.0 = Debug|Any CPU
		{CC674D06-6D02-45D6-A2C2-973315736938}.Release|Any CPU.ActiveCfg = Release|Any CPU
		{CC674D06-6D02-45D6-A2C2-973315736938}.Release|Any CPU.Build.0 = Release|Any CPU
	EndGlobalSection
	GlobalSection(SolutionProperties) = preSolution
		HideSolutionNode = FALSE
	EndGlobalSection
	GlobalSection(ExtensibilityGlobals) = postSolution
		SolutionGuid = {611AFB7A-4F32-499D-A2BA-A22C8C8F77EF}
	EndGlobalSection
EndGlobal
