
Microsoft Visual Studio Solution File, Format Version 12.00
# Visual Studio Version 17
VisualStudioVersion = 17.13.35931.197
MinimumVisualStudioVersion = 10.0.40219.1
Project("{FAE04EC0-301F-11D3-BF4B-00C04F79EFBC}") = "Employee.Domain", "ProductMana.Domain\Employee.Domain.csproj", "{CAF38654-0F41-42BB-BB0E-019F22BD6CB2}"
EndProject
Project("{FAE04EC0-301F-11D3-BF4B-00C04F79EFBC}") = "Employee.Application", "ProductMana.Application\Employee.Application.csproj", "{C68E3EBA-BF64-4384-AAE4-D41713DF9D2F}"
EndProject
Project("{FAE04EC0-301F-11D3-BF4B-00C04F79EFBC}") = "Employee.Infrastructure", "ProductMana.Infrastructure\Employee.Infrastructure.csproj", "{60BD2B77-0B94-4E28-B0EF-0828302C0F4E}"
EndProject
Project("{FAE04EC0-301F-11D3-BF4B-00C04F79EFBC}") = "Employee.Controller", "ProductMana.Controller\Employee.Controller.csproj", "{ED8CE55D-09A4-4FF7-A162-695604FB1C35}"
EndProject
Global
	GlobalSection(SolutionConfigurationPlatforms) = preSolution
		Debug|Any CPU = Debug|Any CPU
		Release|Any CPU = Release|Any CPU
	EndGlobalSection
	GlobalSection(ProjectConfigurationPlatforms) = postSolution
		{CAF38654-0F41-42BB-BB0E-019F22BD6CB2}.Debug|Any CPU.ActiveCfg = Debug|Any CPU
		{CAF38654-0F41-42BB-BB0E-019F22BD6CB2}.Debug|Any CPU.Build.0 = Debug|Any CPU
		{CAF38654-0F41-42BB-BB0E-019F22BD6CB2}.Release|Any CPU.ActiveCfg = Release|Any CPU
		{CAF38654-0F41-42BB-BB0E-019F22BD6CB2}.Release|Any CPU.Build.0 = Release|Any CPU
		{C68E3EBA-BF64-4384-AAE4-D41713DF9D2F}.Debug|Any CPU.ActiveCfg = Debug|Any CPU
		{C68E3EBA-BF64-4384-AAE4-D41713DF9D2F}.Debug|Any CPU.Build.0 = Debug|Any CPU
		{C68E3EBA-BF64-4384-AAE4-D41713DF9D2F}.Release|Any CPU.ActiveCfg = Release|Any CPU
		{C68E3EBA-BF64-4384-AAE4-D41713DF9D2F}.Release|Any CPU.Build.0 = Release|Any CPU
		{60BD2B77-0B94-4E28-B0EF-0828302C0F4E}.Debug|Any CPU.ActiveCfg = Debug|Any CPU
		{60BD2B77-0B94-4E28-B0EF-0828302C0F4E}.Debug|Any CPU.Build.0 = Debug|Any CPU
		{60BD2B77-0B94-4E28-B0EF-0828302C0F4E}.Release|Any CPU.ActiveCfg = Release|Any CPU
		{60BD2B77-0B94-4E28-B0EF-0828302C0F4E}.Release|Any CPU.Build.0 = Release|Any CPU
		{ED8CE55D-09A4-4FF7-A162-695604FB1C35}.Debug|Any CPU.ActiveCfg = Debug|Any CPU
		{ED8CE55D-09A4-4FF7-A162-695604FB1C35}.Debug|Any CPU.Build.0 = Debug|Any CPU
		{ED8CE55D-09A4-4FF7-A162-695604FB1C35}.Release|Any CPU.ActiveCfg = Release|Any CPU
		{ED8CE55D-09A4-4FF7-A162-695604FB1C35}.Release|Any CPU.Build.0 = Release|Any CPU
	EndGlobalSection
	GlobalSection(SolutionProperties) = preSolution
		HideSolutionNode = FALSE
	EndGlobalSection
	GlobalSection(ExtensibilityGlobals) = postSolution
		SolutionGuid = {2C22E7C9-6CB7-439B-B39F-AD9DC2AB6DA0}
	EndGlobalSection
EndGlobal
